<?xml version="1.0" encoding="UTF-8" standalone="yes" ?>
<CodeBlocks_project_file>
	<FileVersion major="1" minor="6" />
	<Project>
		<Option title="Global Headers" />
		<Option pch_mode="2" />
		<Option compiler="gcc" />
		<Build>
			<Target title="Debug">
				<Option output="bin/debug/lib" prefix_auto="1" extension_auto="1" />
				<Option working_dir="" />
				<Option object_output="obj/Debug" />
				<Option type="2" />
				<Option compiler="gcc" />
				<Compiler>
					<Add option="-g" />
				</Compiler>
			</Target>
			<Target title="Release">
				<Option output="bin/release/lib" prefix_auto="1" extension_auto="1" />
				<Option working_dir="" />
				<Option object_output="obj/Release/" />
				<Option type="2" />
				<Option compiler="gcc" />
				<Compiler>
					<Add option="-O3" />
				</Compiler>
				<Linker>
					<Add option="-s" />
				</Linker>
			</Target>
		</Build>
		<Compiler>
			<Add option="-Wall" />
			<Add option="-Wextra" />
			<Add option="-pedantic" />
		</Compiler>
		<Unit filename="h/_ARGS.h" />
		<Unit filename="h/_ARGS.new.h" />
		<Unit filename="h/ailamoeba.h" />
		<Unit filename="h/ajax/ajax.h" />
		<Unit filename="h/ajax/fdstuff.h" />
		<Unit filename="h/ajax/forklevel.h" />
		<Unit filename="h/ajax/mymonitor.h" />
		<Unit filename="h/ajax/sesstuff.h" />
		<Unit filename="h/ajax/sigstuff.h" />
		<Unit filename="h/ajax/sigsvr.h" />
		<Unit filename="h/am_exerrors.h" />
		<Unit filename="h/amoeba.h" />
		<Unit filename="h/ampolicy.h" />
		<Unit filename="h/amtools.h" />
		<Unit filename="h/bool.h" />
		<Unit filename="h/byteorder/big_endian.h" />
		<Unit filename="h/byteorder/littl_endian.h" />
		<Unit filename="h/caplist.h" />
		<Unit filename="h/capset.h" />
		<Unit filename="h/circbuf.h" />
		<Unit filename="h/class/boot.cls" />
		<Unit filename="h/class/bullet_rgts.h" />
		<Unit filename="h/class/checkpoint.cls" />
		<Unit filename="h/class/checkpoint.h" />
		<Unit filename="h/class/exec.cls" />
		<Unit filename="h/class/exec.h" />
		<Unit filename="h/class/fifo.cls" />
		<Unit filename="h/class/fifo.h" />
		<Unit filename="h/class/fsq.h" />
		<Unit filename="h/class/headers.gen" />
		<Unit filename="h/class/pooldir.h" />
		<Unit filename="h/class/proswappro.cls" />
		<Unit filename="h/class/proswapproc.h" />
		<Unit filename="h/class/run.cls" />
		<Unit filename="h/class/run.h" />
		<Unit filename="h/class/runctl.cls" />
		<Unit filename="h/class/runctl.gen" />
		<Unit filename="h/class/runrights.h" />
		<Unit filename="h/class/sesstubs.gen" />
		<Unit filename="h/class/sessvr.cls" />
		<Unit filename="h/class/sessvr.h" />
		<Unit filename="h/class/std.cls" />
		<Unit filename="h/class/std.h" />
		<Unit filename="h/class/stdage.h" />
		<Unit filename="h/class/stddestroy.h" />
		<Unit filename="h/class/stdinfo.h" />
		<Unit filename="h/class/stdobject.h" />
		<Unit filename="h/class/stdparams.h" />
		<Unit filename="h/class/stdrestrict.h" />
		<Unit filename="h/class/stdrights.cls" />
		<Unit filename="h/class/stdrights.h" />
		<Unit filename="h/class/stdserver.h" />
		<Unit filename="h/class/stdstatus.h" />
		<Unit filename="h/class/stdtouch.h" />
		<Unit filename="h/class/tcpip.cls" />
		<Unit filename="h/class/tcpip.h" />
		<Unit filename="h/class/tios.cls" />
		<Unit filename="h/class/tios.h" />
		<Unit filename="h/class/tios1.h" />
		<Unit filename="h/class/tti.cls" />
		<Unit filename="h/class/tti.h" />
		<Unit filename="h/cmdreg.h" />
		<Unit filename="h/disk.h" />
		<Unit filename="h/ether_addr.h" />
		<Unit filename="h/exception.h" />
		<Unit filename="h/exec_fndhost.h" />
		<Unit filename="h/fastskeldef.h" />
		<Unit filename="h/file.h" />
		<Unit filename="h/flexskelcom.h" />
		<Unit filename="h/flexskeldef.h" />
		<Unit filename="h/gateway.h" />
		<Unit filename="h/gmon.h" />
		<Unit filename="h/group.h" />
		<Unit filename="h/groupvar.h" />
		<Unit filename="h/hscreen.h" />
		<Unit filename="h/kbootdir.h" />
		<Unit filename="h/lastat.h" />
		<Unit filename="h/machdep/arch/i80386/arch_proto.h" />
		<Unit filename="h/machdep/arch/i80386/asdebug.h" />
		<Unit filename="h/machdep/arch/i80386/asm16.h" />
		<Unit filename="h/machdep/arch/i80386/asm32.h" />
		<Unit filename="h/machdep/arch/i80386/assyntax.h" />
		<Unit filename="h/machdep/arch/i80386/bootinfo.h" />
		<Unit filename="h/machdep/arch/i80386/byteorder.h" />
		<Unit filename="h/machdep/arch/i80386/defarch.h" />
		<Unit filename="h/machdep/arch/i80386/fault.h" />
		<Unit filename="h/machdep/arch/i80386/i80386.h" />
		<Unit filename="h/machdep/arch/i80386/interrupt.h" />
		<Unit filename="h/machdep/arch/i80386/machdep.h" />
		<Unit filename="h/machdep/arch/i80386/mpx_md.H" />
		<Unit filename="h/machdep/arch/i80386/ndp.h" />
		<Unit filename="h/machdep/arch/i80386/processor.h" />
		<Unit filename="h/machdep/arch/i80386/syscall_stub.h" />
		<Unit filename="h/machdep/arch/i80386/trap.h" />
		<Unit filename="h/machdep/arch/i80386/type.h" />
		<Unit filename="h/machdep/dev/bblock.h" />
		<Unit filename="h/machdep/dev/etherformat.h" />
		<Unit filename="h/machdep/dev/etherproto.h" />
		<Unit filename="h/machdep/dev/ethif.h" />
		<Unit filename="h/machdep/dev/gdpinfo.h" />
		<Unit filename="h/machdep/dev/glainfo.h" />
		<Unit filename="h/machdep/dev/gsminfo.h" />
		<Unit filename="h/machdep/dev/ics386.h" />
		<Unit filename="h/machdep/dev/ics486.h" />
		<Unit filename="h/machdep/dev/ics_header.h" />
		<Unit filename="h/machdep/dev/lainfo.h" />
		<Unit filename="h/machdep/dev/nvdev.h" />
		<Unit filename="h/machdep/dev/openprom.h" />
		<Unit filename="h/machdep/dev/pclabel.h" />
		<Unit filename="h/machdep/dev/pit68230info.h" />
		<Unit filename="h/machdep/dev/promid_sun4.h" />
		<Unit filename="h/machdep/dev/ramdisk.h" />
		<Unit filename="h/machdep/dev/scc2698.h" />
		<Unit filename="h/machdep/dev/scc2698info.h" />
		<Unit filename="h/machdep/dev/scsi.h" />
		<Unit filename="h/machdep/dev/scsi_dmaprot.h" />
		<Unit filename="h/machdep/dev/scsi_sun3.h" />
		<Unit filename="h/machdep/dev/scsi_sun4.h" />
		<Unit filename="h/machdep/dev/smif.h" />
		<Unit filename="h/machdep/dev/sun4m_timer.h" />
		<Unit filename="h/machdep/dev/sunlabel.h" />
		<Unit filename="h/machdep/dev/timerdev.h" />
		<Unit filename="h/machdep/dev/ua68562info.h" />
		<Unit filename="h/machdep/dev/uart2681.h" />
		<Unit filename="h/machdep/dev/uart8530.h" />
		<Unit filename="h/machdep/dev/uart8530info.h" />
		<Unit filename="h/machdep/dev/ultpart.h" />
		<Unit filename="h/machdep/mmu/i80386/mmudep.h" />
		<Unit filename="h/malloctune.h" />
		<Unit filename="h/memaccess.h" />
		<Unit filename="h/module/ar.h" />
		<Unit filename="h/module/buffers.h" />
		<Unit filename="h/module/cap.h" />
		<Unit filename="h/module/crypt.h" />
		<Unit filename="h/module/des.h" />
		<Unit filename="h/module/dgwalk.h" />
		<Unit filename="h/module/direct.h" />
		<Unit filename="h/module/disk.h" />
		<Unit filename="h/module/fliprand.h" />
		<Unit filename="h/module/goodport.h" />
		<Unit filename="h/module/host.h" />
		<Unit filename="h/module/mutex.h" />
		<Unit filename="h/module/name.h" />
		<Unit filename="h/module/path.h" />
		<Unit filename="h/module/proc.h" />
		<Unit filename="h/module/profiling.h" />
		<Unit filename="h/module/prv.h" />
		<Unit filename="h/module/rawflip.h" />
		<Unit filename="h/module/rnd.h" />
		<Unit filename="h/module/rpc.h" />
		<Unit filename="h/module/signals.h" />
		<Unit filename="h/module/stdcmd.h" />
		<Unit filename="h/module/strmisc.h" />
		<Unit filename="h/module/syscall.h" />
		<Unit filename="h/module/systask.h" />
		<Unit filename="h/module/tape.h" />
		<Unit filename="h/module/tod.h" />
		<Unit filename="h/monitor.h" />
		<Unit filename="h/namelist.h" />
		<Unit filename="h/netstd.h" />
		<Unit filename="h/pnstat.h" />
		<Unit filename="h/portstat.h" />
		<Unit filename="h/posix/_ARGS.h" />
		<Unit filename="h/posix/assert.h" />
		<Unit filename="h/posix/ctype.h" />
		<Unit filename="h/posix/dirent.h" />
		<Unit filename="h/posix/errlist.h" />
		<Unit filename="h/posix/errno.h" />
		<Unit filename="h/posix/fcntl.h" />
		<Unit filename="h/posix/float.h" />
		<Unit filename="h/posix/grp.h" />
		<Unit filename="h/posix/limits.h" />
		<Unit filename="h/posix/locale.h" />
		<Unit filename="h/posix/machdep/i80386/_setjmp.h" />
		<Unit filename="h/posix/machdep/mc68000/_setjmp.h" />
		<Unit filename="h/posix/machdep/sparc/_setjmp.h" />
		<Unit filename="h/posix/machdep/sparc/alloca.h" />
		<Unit filename="h/posix/math.h" />
		<Unit filename="h/posix/pwd.h" />
		<Unit filename="h/posix/setjmp.h" />
		<Unit filename="h/posix/sgtty.h" />
		<Unit filename="h/posix/signal.h" />
		<Unit filename="h/posix/stddef.h" />
		<Unit filename="h/posix/stdio.h" />
		<Unit filename="h/posix/stdlib.h" />
		<Unit filename="h/posix/string.h" />
		<Unit filename="h/posix/sys/file.h" />
		<Unit filename="h/posix/sys/ioctl.h" />
		<Unit filename="h/posix/sys/param.h" />
		<Unit filename="h/posix/sys/resource.h" />
		<Unit filename="h/posix/sys/signal.h" />
		<Unit filename="h/posix/sys/stat.h" />
		<Unit filename="h/posix/sys/time.h" />
		<Unit filename="h/posix/sys/timeb.h" />
		<Unit filename="h/posix/sys/times.h" />
		<Unit filename="h/posix/sys/types.h" />
		<Unit filename="h/posix/sys/utsname.h" />
		<Unit filename="h/posix/sys/wait.h" />
		<Unit filename="h/posix/termios.h" />
		<Unit filename="h/posix/time.h" />
		<Unit filename="h/posix/unistd.h" />
		<Unit filename="h/posix/utime.h" />
		<Unit filename="h/proc.h" />
		<Unit filename="h/profile.h" />
		<Unit filename="h/protocols/flip.h" />
		<Unit filename="h/protocols/ip.h" />
		<Unit filename="h/protocols/rarp.h" />
		<Unit filename="h/protocols/rawflip.h" />
		<Unit filename="h/protocols/tftp.h" />
		<Unit filename="h/protocols/udp.h" />
		<Unit filename="h/rrpc/msg_rpc.h" />
		<Unit filename="h/rrpc/rpc_ctxt.h" />
		<Unit filename="h/rrpc/rpc_err.h" />
		<Unit filename="h/rrpc/rpc_group.h" />
		<Unit filename="h/rrpc/rpc_msg.h" />
		<Unit filename="h/rrpc/rpc_msgdefs.h" />
		<Unit filename="h/rrpc/rpc_types.h" />
		<Unit filename="h/semaphore.h" />
		<Unit filename="h/server/ax/server.h" />
		<Unit filename="h/server/boot/bsvd.h" />
		<Unit filename="h/server/bullet/bullet.h" />
		<Unit filename="h/server/bullet/inode.h" />
		<Unit filename="h/server/bullet/superblk.h" />
		<Unit filename="h/server/direct/direct.h" />
		<Unit filename="h/server/disk/conf.h" />
		<Unit filename="h/server/disk/disk.h" />
		<Unit filename="h/server/disk/nvram.h" />
		<Unit filename="h/server/fifo/fifo.h" />
		<Unit filename="h/server/gbullet/bullet.h" />
		<Unit filename="h/server/gbullet/inode.h" />
		<Unit filename="h/server/gbullet/superblk.h" />
		<Unit filename="h/server/iop/colourmap.h" />
		<Unit filename="h/server/iop/iop.h" />
		<Unit filename="h/server/iop/iopsvr.h" />
		<Unit filename="h/server/ip/debug.h" />
		<Unit filename="h/server/ip/eth_io.h" />
		<Unit filename="h/server/ip/gen/eth_hdr.h" />
		<Unit filename="h/server/ip/gen/eth_io.h" />
		<Unit filename="h/server/ip/gen/ether.h" />
		<Unit filename="h/server/ip/gen/icmp.h" />
		<Unit filename="h/server/ip/gen/icmp_hdr.h" />
		<Unit filename="h/server/ip/gen/if_ether.h" />
		<Unit filename="h/server/ip/gen/in.h" />
		<Unit filename="h/server/ip/gen/inet.h" />
		<Unit filename="h/server/ip/gen/ip_hdr.h" />
		<Unit filename="h/server/ip/gen/ip_io.h" />
		<Unit filename="h/server/ip/gen/nameser.h" />
		<Unit filename="h/server/ip/gen/netdb.h" />
		<Unit filename="h/server/ip/gen/oneCsum.h" />
		<Unit filename="h/server/ip/gen/resolv.h" />
		<Unit filename="h/server/ip/gen/route.h" />
		<Unit filename="h/server/ip/gen/socket.h" />
		<Unit filename="h/server/ip/gen/tcp.h" />
		<Unit filename="h/server/ip/gen/tcp_hdr.h" />
		<Unit filename="h/server/ip/gen/tcp_io.h" />
		<Unit filename="h/server/ip/gen/udp.h" />
		<Unit filename="h/server/ip/gen/udp_hdr.h" />
		<Unit filename="h/server/ip/gen/udp_io.h" />
		<Unit filename="h/server/ip/hton.h" />
		<Unit filename="h/server/ip/ip_io.h" />
		<Unit filename="h/server/ip/tcp_io.h" />
		<Unit filename="h/server/ip/tcpip.h" />
		<Unit filename="h/server/ip/types.h" />
		<Unit filename="h/server/ip/udp.h" />
		<Unit filename="h/server/ip/udp_io.h" />
		<Unit filename="h/server/process/proc.h" />
		<Unit filename="h/server/profile/profile.h" />
		<Unit filename="h/server/random/random.h" />
		<Unit filename="h/server/sak/sak.h" />
		<Unit filename="h/server/sak/sakbuf.h" />
		<Unit filename="h/server/sak/sakconf.h" />
		<Unit filename="h/server/sak/sakfunc.h" />
		<Unit filename="h/server/sak/saksvr.h" />
		<Unit filename="h/server/soap/soap.h" />
		<Unit filename="h/server/soap/soapsvr.h" />
		<Unit filename="h/server/soap/super.h" />
		<Unit filename="h/server/systask/systask.h" />
		<Unit filename="h/server/tape/conf.h" />
		<Unit filename="h/server/tape/tape.h" />
		<Unit filename="h/server/tcpip/amdefs.h" />
		<Unit filename="h/server/tcpip/whatami.h" />
		<Unit filename="h/server/tod/tod.h" />
		<Unit filename="h/server/tty/term.h" />
		<Unit filename="h/server/tty/tty.h" />
		<Unit filename="h/server/tty/tty_tios.h" />
		<Unit filename="h/server/vdisk/disklabel.h" />
		<Unit filename="h/server/vdisk/disktype.h" />
		<Unit filename="h/server/vdisk/vdisk.h" />
		<Unit filename="h/server/x11/Xamoeba.h" />
		<Unit filename="h/sp_dir.h" />
		<Unit filename="h/stdcom.h" />
		<Unit filename="h/stderr.h" />
		<Unit filename="h/stdobjtypes.h" />
		<Unit filename="h/sys/assert.h" />
		<Unit filename="h/sys/boot.h" />
		<Unit filename="h/sys/debug.h" />
		<Unit filename="h/sys/flip/eth_if.h" />
		<Unit filename="h/sys/flip/ethpreamble.h" />
		<Unit filename="h/sys/flip/ethproto.h" />
		<Unit filename="h/sys/flip/fl_byteorder.h" />
		<Unit filename="h/sys/flip/flip.h" />
		<Unit filename="h/sys/flip/flip_proto.h" />
		<Unit filename="h/sys/flip/flrpc.h" />
		<Unit filename="h/sys/flip/flrpc_port.h" />
		<Unit filename="h/sys/flip/flstat.h" />
		<Unit filename="h/sys/flip/fragment.h" />
		<Unit filename="h/sys/flip/group.h" />
		<Unit filename="h/sys/flip/interface.h" />
		<Unit filename="h/sys/flip/measure.h" />
		<Unit filename="h/sys/flip/packet.h" />
		<Unit filename="h/sys/flip/switch.h" />
		<Unit filename="h/sys/global.h" />
		<Unit filename="h/sys/internet.h" />
		<Unit filename="h/sys/kerneldir.h" />
		<Unit filename="h/sys/kparam.h" />
		<Unit filename="h/sys/kthread.h" />
		<Unit filename="h/sys/mpx.H" />
		<Unit filename="h/sys/portcache.H" />
		<Unit filename="h/sys/printbuf.h" />
		<Unit filename="h/sys/profile.h" />
		<Unit filename="h/sys/proto.h" />
		<Unit filename="h/sys/randseed.h" />
		<Unit filename="h/sys/seg.h" />
		<Unit filename="h/sys/table.h" />
		<Unit filename="h/sys/trans.H" />
		<Unit filename="h/syscall.h" />
		<Unit filename="h/tape.h" />
		<Unit filename="h/thread.h" />
		<Unit filename="h/toolset/ace/am_types.h" />
		<Unit filename="h/toolset/ace/stdlib.h" />
		<Unit filename="h/toolset/ack/__stdarg.h" />
		<Unit filename="h/toolset/ack/am_types.h" />
		<Unit filename="h/toolset/ack/stdlib.h" />
		<Unit filename="h/toolset/generic/__stdarg.h" />
		<Unit filename="h/toolset/generic/am_types4.h" />
		<Unit filename="h/toolset/generic/stdlib_gen.h" />
		<Unit filename="h/toolset/gnu-2/__stdarg.h" />
		<Unit filename="h/toolset/gnu-2/am_types.h" />
		<Unit filename="h/toolset/gnu-2/stdarg.h" />
		<Unit filename="h/toolset/gnu-2/va-sparc.h" />
		<Unit filename="h/toolset/gnu-2/varargs.h" />
		<Unit filename="h/toolset/irix/am_types.h" />
		<Unit filename="h/toolset/irix/stdlib.h" />
		<Unit filename="h/toolset/sun/__stdarg.h" />
		<Unit filename="h/toolset/sun/alloca.h" />
		<Unit filename="h/toolset/sun/am_types.h" />
		<Unit filename="h/toolset/sun/stddef.h" />
		<Unit filename="h/toolset/sun/stdlib.h" />
		<Unit filename="h/toolset/sunpro/__stdarg.h" />
		<Unit filename="h/toolset/sunpro/am_types.h" />
		<Unit filename="h/toolset/ultrix/am_types.h" />
		<Unit filename="h/toolset/ultrix/stdlib.h" />
		<Unit filename="h/vc.h" />
		<Unit filename="h/version.h" />
		<Unit filename="h/vollabel.h" />
		<Unit filename="h/window/attributes.h" />
		<Unit filename="h/window/copy.h" />
		<Unit filename="h/window/cursor.h" />
		<Unit filename="h/window/font.h" />
		<Unit filename="h/window/locator.h" />
		<Unit filename="h/window/wtypes.h" />
		<Extensions>
			<code_completion />
			<envvars />
			<debugger />
			<lib_finder disable_auto="1" />
		</Extensions>
	</Project>
</CodeBlocks_project_file>
